
Microsoft Visual Studio Solution File, Format Version 12.00
# Visual Studio Version 17
VisualStudioVersion = 17.9.34701.34
MinimumVisualStudioVersion = 10.0.40219.1
Project("{9A19103F-16F7-4668-BE54-9A1E7A4F7556}") = "Client WPF message", "Client\Client WPF\Client WPF message.csproj", "{476D0F95-1DA4-454F-A6F9-7474B1A97F5B}"
EndProject
Project("{9A19103F-16F7-4668-BE54-9A1E7A4F7556}") = "Server WPF message", "Server\Server WPF\Server WPF message.csproj", "{1946330C-AF45-4AE2-B186-6006FCEF4C95}"
EndProject
Global
	GlobalSection(SolutionConfigurationPlatforms) = preSolution
		Debug|Any CPU = Debug|Any CPU
		Release|Any CPU = Release|Any CPU
	EndGlobalSection
	GlobalSection(ProjectConfigurationPlatforms) = postSolution
		{476D0F95-1DA4-454F-A6F9-7474B1A97F5B}.Debug|Any CPU.ActiveCfg = Debug|Any CPU
		{476D0F95-1DA4-454F-A6F9-7474B1A97F5B}.Debug|Any CPU.Build.0 = Debug|Any CPU
		{476D0F95-1DA4-454F-A6F9-7474B1A97F5B}.Release|Any CPU.ActiveCfg = Release|Any CPU
		{476D0F95-1DA4-454F-A6F9-7474B1A97F5B}.Release|Any CPU.Build.0 = Release|Any CPU
		{1946330C-AF45-4AE2-B186-6006FCEF4C95}.Debug|Any CPU.ActiveCfg = Debug|Any CPU
		{1946330C-AF45-4AE2-B186-6006FCEF4C95}.Debug|Any CPU.Build.0 = Debug|Any CPU
		{1946330C-AF45-4AE2-B186-6006FCEF4C95}.Release|Any CPU.ActiveCfg = Release|Any CPU
		{1946330C-AF45-4AE2-B186-6006FCEF4C95}.Release|Any CPU.Build.0 = Release|Any CPU
	EndGlobalSection
	GlobalSection(SolutionProperties) = preSolution
		HideSolutionNode = FALSE
	EndGlobalSection
	GlobalSection(ExtensibilityGlobals) = postSolution
		SolutionGuid = {3D4EF3DA-7092-40B4-8FF7-409E84E9CDEA}
	EndGlobalSection
EndGlobal
